Microsoft Visual Studio Solution File, Format Version 12.00
# Visual Studio Version 17
VisualStudioVersion = 17.8.0.0
MinimumVisualStudioVersion = 17.8.0.0
Project("{FAE04EC0-301F-11D3-BF4B-00C04F79EFBC}") = "AoT.Simple.Console", "AoT.Simple.Console\AoT.Simple.Console.csproj", "{2230F476-BE6F-4A70-960A-DB489A0A9859}"
EndProject
Project("{FAE04EC0-301F-11D3-BF4B-00C04F79EFBC}") = "CSharp12", "CSharp12\CSharp12.csproj", "{0092F793-979E-4380-ACDB-EE72468BA4C9}"
EndProject
Project("{FAE04EC0-301F-11D3-BF4B-00C04F79EFBC}") = "AoT.Simple.API", "AoT.Simple.API\AoT.Simple.API.csproj", "{C5F6A51F-8C9E-4102-BF01-FC65AC063909}"
EndProject
Project("{FAE04EC0-301F-11D3-BF4B-00C04F79EFBC}") = "AoT.Simple.ClassLibrary", "AoT.Simple.ClassLibrary\AoT.Simple.ClassLibrary.csproj", "{B64F6ADB-D199-475E-98A7-FC7D096A7447}"
EndProject
Project("{FAE04EC0-301F-11D3-BF4B-00C04F79EFBC}") = "IPC.API.Server", "IPC.API.Server\IPC.API.Server.csproj", "{EE4306C9-83F5-4E37-B519-3225769E0BF9}"
EndProject
Project("{FAE04EC0-301F-11D3-BF4B-00C04F79EFBC}") = "IPC.API.Client", "IPC.API.Client\IPC.API.Client.csproj", "{4356120C-6086-4572-B598-CEC409D01E16}"
EndProject
Project("{FAE04EC0-301F-11D3-BF4B-00C04F79EFBC}") = "IPC.Common", "IPC.Common\IPC.Common.csproj", "{2E9E8E62-3CC5-4570-BCFE-BF09A2544039}"
EndProject
Project("{2150E333-8FDC-42A3-9474-1A3956D46DE8}") = "AoT", "AoT", "{B2BCEF7D-4766-44CE-80B6-0A5859913E16}"
EndProject
Project("{2150E333-8FDC-42A3-9474-1A3956D46DE8}") = "IPC", "IPC", "{18986610-0134-4F3C-8CF7-38C90C9E6073}"
EndProject
Project("{FAE04EC0-301F-11D3-BF4B-00C04F79EFBC}") = "CSharp11", "CSharp11\CSharp11.csproj", "{F5A63E1F-15AD-4E25-B9C9-31CFC2119023}"
EndProject
Project("{FAE04EC0-301F-11D3-BF4B-00C04F79EFBC}") = "DI.Keyed", "DI.Keyed\DI.Keyed.csproj", "{E6DD6B80-E891-42EB-A734-3B609077CE21}"
EndProject
Global
	GlobalSection(SolutionConfigurationPlatforms) = preSolution
		Debug|Any CPU = Debug|Any CPU
		Release|Any CPU = Release|Any CPU
	EndGlobalSection
	GlobalSection(ProjectConfigurationPlatforms) = postSolution
		{2230F476-BE6F-4A70-960A-DB489A0A9859}.Debug|Any CPU.ActiveCfg = Debug|Any CPU
		{2230F476-BE6F-4A70-960A-DB489A0A9859}.Debug|Any CPU.Build.0 = Debug|Any CPU
		{2230F476-BE6F-4A70-960A-DB489A0A9859}.Release|Any CPU.ActiveCfg = Release|Any CPU
		{2230F476-BE6F-4A70-960A-DB489A0A9859}.Release|Any CPU.Build.0 = Release|Any CPU
		{0092F793-979E-4380-ACDB-EE72468BA4C9}.Debug|Any CPU.ActiveCfg = Debug|Any CPU
		{0092F793-979E-4380-ACDB-EE72468BA4C9}.Debug|Any CPU.Build.0 = Debug|Any CPU
		{0092F793-979E-4380-ACDB-EE72468BA4C9}.Release|Any CPU.ActiveCfg = Release|Any CPU
		{0092F793-979E-4380-ACDB-EE72468BA4C9}.Release|Any CPU.Build.0 = Release|Any CPU
		{C5F6A51F-8C9E-4102-BF01-FC65AC063909}.Debug|Any CPU.ActiveCfg = Debug|Any CPU
		{C5F6A51F-8C9E-4102-BF01-FC65AC063909}.Debug|Any CPU.Build.0 = Debug|Any CPU
		{C5F6A51F-8C9E-4102-BF01-FC65AC063909}.Release|Any CPU.ActiveCfg = Release|Any CPU
		{C5F6A51F-8C9E-4102-BF01-FC65AC063909}.Release|Any CPU.Build.0 = Release|Any CPU
		{B64F6ADB-D199-475E-98A7-FC7D096A7447}.Debug|Any CPU.ActiveCfg = Debug|Any CPU
		{B64F6ADB-D199-475E-98A7-FC7D096A7447}.Debug|Any CPU.Build.0 = Debug|Any CPU
		{B64F6ADB-D199-475E-98A7-FC7D096A7447}.Release|Any CPU.ActiveCfg = Release|Any CPU
		{B64F6ADB-D199-475E-98A7-FC7D096A7447}.Release|Any CPU.Build.0 = Release|Any CPU
		{EE4306C9-83F5-4E37-B519-3225769E0BF9}.Debug|Any CPU.ActiveCfg = Debug|Any CPU
		{EE4306C9-83F5-4E37-B519-3225769E0BF9}.Debug|Any CPU.Build.0 = Debug|Any CPU
		{EE4306C9-83F5-4E37-B519-3225769E0BF9}.Release|Any CPU.ActiveCfg = Release|Any CPU
		{EE4306C9-83F5-4E37-B519-3225769E0BF9}.Release|Any CPU.Build.0 = Release|Any CPU
		{4356120C-6086-4572-B598-CEC409D01E16}.Debug|Any CPU.ActiveCfg = Debug|Any CPU
		{4356120C-6086-4572-B598-CEC409D01E16}.Debug|Any CPU.Build.0 = Debug|Any CPU
		{4356120C-6086-4572-B598-CEC409D01E16}.Release|Any CPU.ActiveCfg = Release|Any CPU
		{4356120C-6086-4572-B598-CEC409D01E16}.Release|Any CPU.Build.0 = Release|Any CPU
		{2E9E8E62-3CC5-4570-BCFE-BF09A2544039}.Debug|Any CPU.ActiveCfg = Debug|Any CPU
		{2E9E8E62-3CC5-4570-BCFE-BF09A2544039}.Debug|Any CPU.Build.0 = Debug|Any CPU
		{2E9E8E62-3CC5-4570-BCFE-BF09A2544039}.Release|Any CPU.ActiveCfg = Release|Any CPU
		{2E9E8E62-3CC5-4570-BCFE-BF09A2544039}.Release|Any CPU.Build.0 = Release|Any CPU
		{F5A63E1F-15AD-4E25-B9C9-31CFC2119023}.Debug|Any CPU.ActiveCfg = Debug|Any CPU
		{F5A63E1F-15AD-4E25-B9C9-31CFC2119023}.Debug|Any CPU.Build.0 = Debug|Any CPU
		{F5A63E1F-15AD-4E25-B9C9-31CFC2119023}.Release|Any CPU.ActiveCfg = Release|Any CPU
		{F5A63E1F-15AD-4E25-B9C9-31CFC2119023}.Release|Any CPU.Build.0 = Release|Any CPU
		{E6DD6B80-E891-42EB-A734-3B609077CE21}.Debug|Any CPU.ActiveCfg = Debug|Any CPU
		{E6DD6B80-E891-42EB-A734-3B609077CE21}.Debug|Any CPU.Build.0 = Debug|Any CPU
		{E6DD6B80-E891-42EB-A734-3B609077CE21}.Release|Any CPU.ActiveCfg = Release|Any CPU
		{E6DD6B80-E891-42EB-A734-3B609077CE21}.Release|Any CPU.Build.0 = Release|Any CPU
	EndGlobalSection
	GlobalSection(SolutionProperties) = preSolution
		HideSolutionNode = FALSE
	EndGlobalSection
	GlobalSection(ExtensibilityGlobals) = postSolution
		SolutionGuid = {A9277567-AAAB-4855-ACC9-8F18CD793C40}
	EndGlobalSection
	GlobalSection(NestedProjects) = preSolution
		{C5F6A51F-8C9E-4102-BF01-FC65AC063909} = {B2BCEF7D-4766-44CE-80B6-0A5859913E16}
		{B64F6ADB-D199-475E-98A7-FC7D096A7447} = {B2BCEF7D-4766-44CE-80B6-0A5859913E16}
		{2230F476-BE6F-4A70-960A-DB489A0A9859} = {B2BCEF7D-4766-44CE-80B6-0A5859913E16}
		{4356120C-6086-4572-B598-CEC409D01E16} = {18986610-0134-4F3C-8CF7-38C90C9E6073}
		{2E9E8E62-3CC5-4570-BCFE-BF09A2544039} = {18986610-0134-4F3C-8CF7-38C90C9E6073}
		{EE4306C9-83F5-4E37-B519-3225769E0BF9} = {18986610-0134-4F3C-8CF7-38C90C9E6073}
	EndGlobalSection
EndGlobal
